
Microsoft Visual Studio Solution File, Format Version 12.00
# Visual Studio 15
VisualStudioVersion = 15.0.28010.2003
MinimumVisualStudioVersion = 10.0.40219.1
Project("{FAE04EC0-301F-11D3-BF4B-00C04F79EFBC}") = "ConsoleApp1", "ConsoleApp1\ConsoleApp1.csproj", "{D1D6B5BA-7CCF-48C8-B52D-C980A7F9427E}"
EndProject
Global
	GlobalSection(SolutionConfigurationPlatforms) = preSolution
		Debug|Any CPU = Debug|Any CPU
		Release|Any CPU = Release|Any CPU
	EndGlobalSection
	GlobalSection(ProjectConfigurationPlatforms) = postSolution
		{D1D6B5BA-7CCF-48C8-B52D-C980A7F9427E}.Debug|Any CPU.ActiveCfg = Debug|Any CPU
		{D1D6B5BA-7CCF-48C8-B52D-C980A7F9427E}.Debug|Any CPU.Build.0 = Debug|Any CPU
		{D1D6B5BA-7CCF-48C8-B52D-C980A7F9427E}.Release|Any CPU.ActiveCfg = Release|Any CPU
		{D1D6B5BA-7CCF-48C8-B52D-C980A7F9427E}.Release|Any CPU.Build.0 = Release|Any CPU
	EndGlobalSection
	GlobalSection(SolutionProperties) = preSolution
		HideSolutionNode = FALSE
	EndGlobalSection
	GlobalSection(ExtensibilityGlobals) = postSolution
		SolutionGuid = {C35D5FD0-BB4A-41CB-B814-8AB8F69854FC}
	EndGlobalSection
EndGlobal
